{
  "name": "npm-program-test",
  "version": "1.0.0",
  "lockfileVersion": 3,
  "requires": true,
  "packages": {
    "": {
      "name": "npm-program-test",
      "version": "1.0.0",
      "license": "ISC",
      "dependencies": {
        "@alexislessard/hello-world-ts": "^1.0.0"
      },
      "devDependencies": {
        "typescript": "^4.2.2"
      }
    },
    "node_modules/@alexislessard/hello-world-ts": {
      "version": "1.0.0",
      "resolved": "https://npm.pkg.github.com/download/@alexislessard/hello-world-ts/1.0.0/b743b7b98200c75122d81a70eec15a181bab567e",
      "integrity": "sha512-kRNGSjBl6aEcdewYve/oZuDRelXWejQp1LFciKMVdpc151fu+wGJgn8LelVG3StUSvAyod48pA72sTWtwzNZBQ==",
      "license": "ISC"
    },
    "node_modules/typescript": {
      "version": "4.2.2",
      "resolved": "https://registry.npmjs.org/typescript/-/typescript-4.2.2.tgz",
      "integrity": "sha512-tbb+NVrLfnsJy3M59lsDgrzWIflR4d4TIUjz+heUnHZwdF7YsrMTKoRERiIvI2lvBG95dfpLxB21WZhys1bgaQ==",
      "dev": true,
      "bin": {
        "tsc": "bin/tsc",
        "tsserver": "bin/tsserver"
      },
      "engines": {
        "node": ">=4.2.0"
      }
    }
  }
}
