{
  "name": "npm-program-test",
  "version": "1.0.0",
  "lockfileVersion": 3,
  "requires": true,
  "packages": {
    "": {
      "name": "npm-program-test",
      "version": "1.0.0",
      "license": "ISC",
      "dependencies": {
        "@alexislessard/hello-world-ts": "^1.0.0"
      },
      "devDependencies": {
        "typescript": "^5.1.6"
      }
    },
    "node_modules/@alexislessard/hello-world-ts": {
      "version": "1.0.0",
      "resolved": "https://npm.pkg.github.com/download/@alexislessard/hello-world-ts/1.0.0/b743b7b98200c75122d81a70eec15a181bab567e",
      "integrity": "sha512-kRNGSjBl6aEcdewYve/oZuDRelXWejQp1LFciKMVdpc151fu+wGJgn8LelVG3StUSvAyod48pA72sTWtwzNZBQ==",
      "license": "ISC"
    },
    "node_modules/typescript": {
      "version": "5.1.6",
      "resolved": "https://registry.npmjs.org/typescript/-/typescript-5.1.6.tgz",
      "integrity": "sha512-zaWCozRZ6DLEWAWFrVDz1H6FVXzUSfTy5FUMWsQlU8Ym5JP9eO4xkTIROFCQvhQf61z6O/G6ugw3SgAnvvm+HA==",
      "dev": true,
      "bin": {
        "tsc": "bin/tsc",
        "tsserver": "bin/tsserver"
      },
      "engines": {
        "node": ">=14.17"
      }
    }
  }
}
